Microsoft Visual Studio Solution File, Format Version 9.00
# Visual Studio 2005
Project("{FAE04EC0-301F-11D3-BF4B-00C04F79EFBC}") = "NeoRhythm", "NeoRhythm\NeoRhythm.csproj", "{6FC6C0EA-92EE-4FEE-A330-D81A09028E6C}"
	ProjectSection(WebsiteProperties) = preProject
		Debug.AspNetCompiler.Debug = "True"
		Release.AspNetCompiler.Debug = "False"
	EndProjectSection
EndProject
Project("{B900F1C2-3D47-4FEC-85B3-04AAF18C3634}") = "NeoRhythm", "Install\NeoRhythm\NeoRhythm.vddproj", "{C730EBA0-3C9B-48E5-AD39-D49923012B24}"
	ProjectSection(WebsiteProperties) = preProject
		Debug.AspNetCompiler.Debug = "True"
		Release.AspNetCompiler.Debug = "False"
	EndProjectSection
EndProject
Global
	GlobalSection(SolutionConfigurationPlatforms) = preSolution
		Debug|Any CPU = Debug|Any CPU
		Release|Any CPU = Release|Any CPU
	EndGlobalSection
	GlobalSection(ProjectConfigurationPlatforms) = postSolution
		{6FC6C0EA-92EE-4FEE-A330-D81A09028E6C}.Debug|Any CPU.ActiveCfg = Debug|Any CPU
		{6FC6C0EA-92EE-4FEE-A330-D81A09028E6C}.Debug|Any CPU.Build.0 = Debug|Any CPU
		{6FC6C0EA-92EE-4FEE-A330-D81A09028E6C}.Debug|Any CPU.Deploy.0 = Debug|Any CPU
		{6FC6C0EA-92EE-4FEE-A330-D81A09028E6C}.Release|Any CPU.ActiveCfg = Release|Any CPU
		{6FC6C0EA-92EE-4FEE-A330-D81A09028E6C}.Release|Any CPU.Build.0 = Release|Any CPU
		{6FC6C0EA-92EE-4FEE-A330-D81A09028E6C}.Release|Any CPU.Deploy.0 = Release|Any CPU
		{C730EBA0-3C9B-48E5-AD39-D49923012B24}.Debug|Any CPU.ActiveCfg = Debug
		{C730EBA0-3C9B-48E5-AD39-D49923012B24}.Release|Any CPU.ActiveCfg = Release
	EndGlobalSection
	GlobalSection(SolutionProperties) = preSolution
		HideSolutionNode = FALSE
	EndGlobalSection
EndGlobal
